// !$*UTF8*$!
{
	archiveVersion = 1;
	classes = {
	};
	objectVersion = 50;
	objects = {

/* Begin PBXBuildFile section */
		3F9DE0DB224F4EDD00162F98 /* AppDelegate.m in Sources */ = {isa = PBXBuildFile; fileRef = 3F9DE0DA224F4EDD00162F98 /* AppDelegate.m */; };
		3F9DE0DE224F4EDD00162F98 /* RootViewController.m in Sources */ = {isa = PBXBuildFile; fileRef = 3F9DE0DD224F4EDD00162F98 /* RootViewController.m */; };
		3F9DE0E3224F4EDF00162F98 /* Assets.xcassets in Resources */ = {isa = PBXBuildFile; fileRef = 3F9DE0E2224F4EDF00162F98 /* Assets.xcassets */; };
		3F9DE0E6224F4EDF00162F98 /* LaunchScreen.storyboard in Resources */ = {isa = PBXBuildFile; fileRef = 3F9DE0E4224F4EDF00162F98 /* LaunchScreen.storyboard */; };
		3F9DE0E9224F4EDF00162F98 /* main.m in Sources */ = {isa = PBXBuildFile; fileRef = 3F9DE0E8224F4EDF00162F98 /* main.m */; };
		3F9DE0F3224F4EDF00162F98 /* RuntimeDemoTests.m in Sources */ = {isa = PBXBuildFile; fileRef = 3F9DE0F2224F4EDF00162F98 /* RuntimeDemoTests.m */; };
		3F9DE0FE224F4EDF00162F98 /* RuntimeDemoUITests.m in Sources */ = {isa = PBXBuildFile; fileRef = 3F9DE0FD224F4EDF00162F98 /* RuntimeDemoUITests.m */; };
		3FF92787225227B8009D8C60 /* MessageForwardViewController.m in Sources */ = {isa = PBXBuildFile; fileRef = 3FF92786225227B8009D8C60 /* MessageForwardViewController.m */; };
		3FF9279D22522FA0009D8C60 /* UserInfo.m in Sources */ = {isa = PBXBuildFile; fileRef = 3FF9279C22522FA0009D8C60 /* UserInfo.m */; };
		3FF927A022522FB7009D8C60 /* SpareWheel.m in Sources */ = {isa = PBXBuildFile; fileRef = 3FF9279F22522FB7009D8C60 /* SpareWheel.m */; };
		3FF927A32252479F009D8C60 /* MethodSwizzlingViewController.m in Sources */ = {isa = PBXBuildFile; fileRef = 3FF927A22252479F009D8C60 /* MethodSwizzlingViewController.m */; };
		3FF927C522544DBA009D8C60 /* UITableView+MUDefaultDisplay.m in Sources */ = {isa = PBXBuildFile; fileRef = 3FF927C422544DBA009D8C60 /* UITableView+MUDefaultDisplay.m */; };
		3FF927C82254624C009D8C60 /* KVOViewController.m in Sources */ = {isa = PBXBuildFile; fileRef = 3FF927C72254624C009D8C60 /* KVOViewController.m */; };
		3FF927CB225462B9009D8C60 /* DicToModelViewController.m in Sources */ = {isa = PBXBuildFile; fileRef = 3FF927CA225462B9009D8C60 /* DicToModelViewController.m */; };
		3FF927CE225462DA009D8C60 /* DicToModelUserInfo.m in Sources */ = {isa = PBXBuildFile; fileRef = 3FF927CD225462DA009D8C60 /* DicToModelUserInfo.m */; };
		3FF927D62254A0D9009D8C60 /* NSObject+NSCoding.m in Sources */ = {isa = PBXBuildFile; fileRef = 3FF927D52254A0D9009D8C60 /* NSObject+NSCoding.m */; };
		3FF927D92254BC02009D8C60 /* KVOUserInfo.m in Sources */ = {isa = PBXBuildFile; fileRef = 3FF927D82254BC02009D8C60 /* KVOUserInfo.m */; };
/* End PBXBuildFile section */

/* Begin PBXContainerItemProxy section */
		3F9DE0EF224F4EDF00162F98 /* PBXContainerItemProxy */ = {
			isa = PBXContainerItemProxy;
			containerPortal = 3F9DE0CE224F4EDD00162F98 /* Project object */;
			proxyType = 1;
			remoteGlobalIDString = 3F9DE0D5224F4EDD00162F98;
			remoteInfo = RuntimeDemo;
		};
		3F9DE0FA224F4EDF00162F98 /* PBXContainerItemProxy */ = {
			isa = PBXContainerItemProxy;
			containerPortal = 3F9DE0CE224F4EDD00162F98 /* Project object */;
			proxyType = 1;
			remoteGlobalIDString = 3F9DE0D5224F4EDD00162F98;
			remoteInfo = RuntimeDemo;
		};
/* End PBXContainerItemProxy section */

/* Begin PBXFileReference section */
		3F9DE0D6224F4EDD00162F98 /* RuntimeDemo.app */ = {isa = PBXFileReference; explicitFileType = wrapper.application; includeInIndex = 0; path = RuntimeDemo.app; sourceTree = BUILT_PRODUCTS_DIR; };
		3F9DE0D9224F4EDD00162F98 /* AppDelegate.h */ = {isa = PBXFileReference; lastKnownFileType = sourcecode.c.h; path = AppDelegate.h; sourceTree = "<group>"; };
		3F9DE0DA224F4EDD00162F98 /* AppDelegate.m */ = {isa = PBXFileReference; lastKnownFileType = sourcecode.c.objc; path = AppDelegate.m; sourceTree = "<group>"; };
		3F9DE0DC224F4EDD00162F98 /* RootViewController.h */ = {isa = PBXFileReference; lastKnownFileType = sourcecode.c.h; path = RootViewController.h; sourceTree = "<group>"; };
		3F9DE0DD224F4EDD00162F98 /* RootViewController.m */ = {isa = PBXFileReference; lastKnownFileType = sourcecode.c.objc; path = RootViewController.m; sourceTree = "<group>"; };
		3F9DE0E2224F4EDF00162F98 /* Assets.xcassets */ = {isa = PBXFileReference; lastKnownFileType = folder.assetcatalog; path = Assets.xcassets; sourceTree = "<group>"; };
		3F9DE0E5224F4EDF00162F98 /* Base */ = {isa = PBXFileReference; lastKnownFileType = file.storyboard; name = Base; path = Base.lproj/LaunchScreen.storyboard; sourceTree = "<group>"; };
		3F9DE0E7224F4EDF00162F98 /* Info.plist */ = {isa = PBXFileReference; lastKnownFileType = text.plist.xml; path = Info.plist; sourceTree = "<group>"; };
		3F9DE0E8224F4EDF00162F98 /* main.m */ = {isa = PBXFileReference; lastKnownFileType = sourcecode.c.objc; path = main.m; sourceTree = "<group>"; };
		3F9DE0EE224F4EDF00162F98 /* RuntimeDemoTests.xctest */ = {isa = PBXFileReference; explicitFileType = wrapper.cfbundle; includeInIndex = 0; path = RuntimeDemoTests.xctest; sourceTree = BUILT_PRODUCTS_DIR; };
		3F9DE0F2224F4EDF00162F98 /* RuntimeDemoTests.m */ = {isa = PBXFileReference; lastKnownFileType = sourcecode.c.objc; path = RuntimeDemoTests.m; sourceTree = "<group>"; };
		3F9DE0F4224F4EDF00162F98 /* Info.plist */ = {isa = PBXFileReference; lastKnownFileType = text.plist.xml; path = Info.plist; sourceTree = "<group>"; };
		3F9DE0F9224F4EDF00162F98 /* RuntimeDemoUITests.xctest */ = {isa = PBXFileReference; explicitFileType = wrapper.cfbundle; includeInIndex = 0; path = RuntimeDemoUITests.xctest; sourceTree = BUILT_PRODUCTS_DIR; };
		3F9DE0FD224F4EDF00162F98 /* RuntimeDemoUITests.m */ = {isa = PBXFileReference; lastKnownFileType = sourcecode.c.objc; path = RuntimeDemoUITests.m; sourceTree = "<group>"; };
		3F9DE0FF224F4EDF00162F98 /* Info.plist */ = {isa = PBXFileReference; lastKnownFileType = text.plist.xml; path = Info.plist; sourceTree = "<group>"; };
		3FF92785225227B8009D8C60 /* MessageForwardViewController.h */ = {isa = PBXFileReference; lastKnownFileType = sourcecode.c.h; path = MessageForwardViewController.h; sourceTree = "<group>"; };
		3FF92786225227B8009D8C60 /* MessageForwardViewController.m */ = {isa = PBXFileReference; lastKnownFileType = sourcecode.c.objc; path = MessageForwardViewController.m; sourceTree = "<group>"; };
		3FF9279B22522FA0009D8C60 /* UserInfo.h */ = {isa = PBXFileReference; lastKnownFileType = sourcecode.c.h; path = UserInfo.h; sourceTree = "<group>"; };
		3FF9279C22522FA0009D8C60 /* UserInfo.m */ = {isa = PBXFileReference; lastKnownFileType = sourcecode.c.objc; path = UserInfo.m; sourceTree = "<group>"; };
		3FF9279E22522FB7009D8C60 /* SpareWheel.h */ = {isa = PBXFileReference; lastKnownFileType = sourcecode.c.h; path = SpareWheel.h; sourceTree = "<group>"; };
		3FF9279F22522FB7009D8C60 /* SpareWheel.m */ = {isa = PBXFileReference; lastKnownFileType = sourcecode.c.objc; path = SpareWheel.m; sourceTree = "<group>"; };
		3FF927A12252479F009D8C60 /* MethodSwizzlingViewController.h */ = {isa = PBXFileReference; lastKnownFileType = sourcecode.c.h; path = MethodSwizzlingViewController.h; sourceTree = "<group>"; };
		3FF927A22252479F009D8C60 /* MethodSwizzlingViewController.m */ = {isa = PBXFileReference; lastKnownFileType = sourcecode.c.objc; path = MethodSwizzlingViewController.m; sourceTree = "<group>"; };
		3FF927C322544DBA009D8C60 /* UITableView+MUDefaultDisplay.h */ = {isa = PBXFileReference; lastKnownFileType = sourcecode.c.h; path = "UITableView+MUDefaultDisplay.h"; sourceTree = "<group>"; };
		3FF927C422544DBA009D8C60 /* UITableView+MUDefaultDisplay.m */ = {isa = PBXFileReference; lastKnownFileType = sourcecode.c.objc; path = "UITableView+MUDefaultDisplay.m"; sourceTree = "<group>"; };
		3FF927C62254624C009D8C60 /* KVOViewController.h */ = {isa = PBXFileReference; lastKnownFileType = sourcecode.c.h; path = KVOViewController.h; sourceTree = "<group>"; };
		3FF927C72254624C009D8C60 /* KVOViewController.m */ = {isa = PBXFileReference; lastKnownFileType = sourcecode.c.objc; path = KVOViewController.m; sourceTree = "<group>"; };
		3FF927C9225462B9009D8C60 /* DicToModelViewController.h */ = {isa = PBXFileReference; lastKnownFileType = sourcecode.c.h; path = DicToModelViewController.h; sourceTree = "<group>"; };
		3FF927CA225462B9009D8C60 /* DicToModelViewController.m */ = {isa = PBXFileReference; lastKnownFileType = sourcecode.c.objc; path = DicToModelViewController.m; sourceTree = "<group>"; };
		3FF927CC225462DA009D8C60 /* DicToModelUserInfo.h */ = {isa = PBXFileReference; lastKnownFileType = sourcecode.c.h; path = DicToModelUserInfo.h; sourceTree = "<group>"; };
		3FF927CD225462DA009D8C60 /* DicToModelUserInfo.m */ = {isa = PBXFileReference; lastKnownFileType = sourcecode.c.objc; path = DicToModelUserInfo.m; sourceTree = "<group>"; };
		3FF927D42254A0D9009D8C60 /* NSObject+NSCoding.h */ = {isa = PBXFileReference; lastKnownFileType = sourcecode.c.h; path = "NSObject+NSCoding.h"; sourceTree = "<group>"; };
		3FF927D52254A0D9009D8C60 /* NSObject+NSCoding.m */ = {isa = PBXFileReference; lastKnownFileType = sourcecode.c.objc; path = "NSObject+NSCoding.m"; sourceTree = "<group>"; };
		3FF927D72254BC02009D8C60 /* KVOUserInfo.h */ = {isa = PBXFileReference; lastKnownFileType = sourcecode.c.h; path = KVOUserInfo.h; sourceTree = "<group>"; };
		3FF927D82254BC02009D8C60 /* KVOUserInfo.m */ = {isa = PBXFileReference; lastKnownFileType = sourcecode.c.objc; path = KVOUserInfo.m; sourceTree = "<group>"; };
/* End PBXFileReference section */

/* Begin PBXFrameworksBuildPhase section */
		3F9DE0D3224F4EDD00162F98 /* Frameworks */ = {
			isa = PBXFrameworksBuildPhase;
			buildActionMask = 2147483647;
			files = (
			);
			runOnlyForDeploymentPostprocessing = 0;
		};
		3F9DE0EB224F4EDF00162F98 /* Frameworks */ = {
			isa = PBXFrameworksBuildPhase;
			buildActionMask = 2147483647;
			files = (
			);
			runOnlyForDeploymentPostprocessing = 0;
		};
		3F9DE0F6224F4EDF00162F98 /* Frameworks */ = {
			isa = PBXFrameworksBuildPhase;
			buildActionMask = 2147483647;
			files = (
			);
			runOnlyForDeploymentPostprocessing = 0;
		};
/* End PBXFrameworksBuildPhase section */

/* Begin PBXGroup section */
		3F9DE0CD224F4EDD00162F98 = {
			isa = PBXGroup;
			children = (
				3F9DE0D8224F4EDD00162F98 /* RuntimeDemo */,
				3F9DE0F1224F4EDF00162F98 /* RuntimeDemoTests */,
				3F9DE0FC224F4EDF00162F98 /* RuntimeDemoUITests */,
				3F9DE0D7224F4EDD00162F98 /* Products */,
			);
			sourceTree = "<group>";
		};
		3F9DE0D7224F4EDD00162F98 /* Products */ = {
			isa = PBXGroup;
			children = (
				3F9DE0D6224F4EDD00162F98 /* RuntimeDemo.app */,
				3F9DE0EE224F4EDF00162F98 /* RuntimeDemoTests.xctest */,
				3F9DE0F9224F4EDF00162F98 /* RuntimeDemoUITests.xctest */,
			);
			name = Products;
			sourceTree = "<group>";
		};
		3F9DE0D8224F4EDD00162F98 /* RuntimeDemo */ = {
			isa = PBXGroup;
			children = (
				3F9DE0D9224F4EDD00162F98 /* AppDelegate.h */,
				3F9DE0DA224F4EDD00162F98 /* AppDelegate.m */,
				3F9DE0E2224F4EDF00162F98 /* Assets.xcassets */,
				3F9DE10D224F514200162F98 /* dicToModel */,
				3F9DE0E7224F4EDF00162F98 /* Info.plist */,
				3F9DE0E4224F4EDF00162F98 /* LaunchScreen.storyboard */,
				3F9DE0E8224F4EDF00162F98 /* main.m */,
				3F9DE10B224F50F700162F98 /* messageForward */,
				3F9DE10C224F512400162F98 /* methodSwizzling */,
				3F9DE10E224F515C00162F98 /* rewriteKVO */,
				3F9DE0DC224F4EDD00162F98 /* RootViewController.h */,
				3F9DE0DD224F4EDD00162F98 /* RootViewController.m */,
			);
			path = RuntimeDemo;
			sourceTree = "<group>";
		};
		3F9DE0F1224F4EDF00162F98 /* RuntimeDemoTests */ = {
			isa = PBXGroup;
			children = (
				3F9DE0F2224F4EDF00162F98 /* RuntimeDemoTests.m */,
				3F9DE0F4224F4EDF00162F98 /* Info.plist */,
			);
			path = RuntimeDemoTests;
			sourceTree = "<group>";
		};
		3F9DE0FC224F4EDF00162F98 /* RuntimeDemoUITests */ = {
			isa = PBXGroup;
			children = (
				3F9DE0FD224F4EDF00162F98 /* RuntimeDemoUITests.m */,
				3F9DE0FF224F4EDF00162F98 /* Info.plist */,
			);
			path = RuntimeDemoUITests;
			sourceTree = "<group>";
		};
		3F9DE10B224F50F700162F98 /* messageForward */ = {
			isa = PBXGroup;
			children = (
				3FF92785225227B8009D8C60 /* MessageForwardViewController.h */,
				3FF92786225227B8009D8C60 /* MessageForwardViewController.m */,
				3FF9279B22522FA0009D8C60 /* UserInfo.h */,
				3FF9279C22522FA0009D8C60 /* UserInfo.m */,
				3FF9279E22522FB7009D8C60 /* SpareWheel.h */,
				3FF9279F22522FB7009D8C60 /* SpareWheel.m */,
			);
			path = messageForward;
			sourceTree = "<group>";
		};
		3F9DE10C224F512400162F98 /* methodSwizzling */ = {
			isa = PBXGroup;
			children = (
				3FF927A12252479F009D8C60 /* MethodSwizzlingViewController.h */,
				3FF927A22252479F009D8C60 /* MethodSwizzlingViewController.m */,
				3FF927C322544DBA009D8C60 /* UITableView+MUDefaultDisplay.h */,
				3FF927C422544DBA009D8C60 /* UITableView+MUDefaultDisplay.m */,
			);
			path = methodSwizzling;
			sourceTree = "<group>";
		};
		3F9DE10D224F514200162F98 /* dicToModel */ = {
			isa = PBXGroup;
			children = (
				3FF927C9225462B9009D8C60 /* DicToModelViewController.h */,
				3FF927CA225462B9009D8C60 /* DicToModelViewController.m */,
				3FF927CC225462DA009D8C60 /* DicToModelUserInfo.h */,
				3FF927CD225462DA009D8C60 /* DicToModelUserInfo.m */,
				3FF927D42254A0D9009D8C60 /* NSObject+NSCoding.h */,
				3FF927D52254A0D9009D8C60 /* NSObject+NSCoding.m */,
			);
			path = dicToModel;
			sourceTree = "<group>";
		};
		3F9DE10E224F515C00162F98 /* rewriteKVO */ = {
			isa = PBXGroup;
			children = (
				3FF927C62254624C009D8C60 /* KVOViewController.h */,
				3FF927C72254624C009D8C60 /* KVOViewController.m */,
				3FF927D72254BC02009D8C60 /* KVOUserInfo.h */,
				3FF927D82254BC02009D8C60 /* KVOUserInfo.m */,
			);
			path = rewriteKVO;
			sourceTree = "<group>";
		};
/* End PBXGroup section */

/* Begin PBXNativeTarget section */
		3F9DE0D5224F4EDD00162F98 /* RuntimeDemo */ = {
			isa = PBXNativeTarget;
			buildConfigurationList = 3F9DE102224F4EDF00162F98 /* Build configuration list for PBXNativeTarget "RuntimeDemo" */;
			buildPhases = (
				3F9DE0D2224F4EDD00162F98 /* Sources */,
				3F9DE0D3224F4EDD00162F98 /* Frameworks */,
				3F9DE0D4224F4EDD00162F98 /* Resources */,
			);
			buildRules = (
			);
			dependencies = (
			);
			name = RuntimeDemo;
			productName = RuntimeDemo;
			productReference = 3F9DE0D6224F4EDD00162F98 /* RuntimeDemo.app */;
			productType = "com.apple.product-type.application";
		};
		3F9DE0ED224F4EDF00162F98 /* RuntimeDemoTests */ = {
			isa = PBXNativeTarget;
			buildConfigurationList = 3F9DE105224F4EDF00162F98 /* Build configuration list for PBXNativeTarget "RuntimeDemoTests" */;
			buildPhases = (
				3F9DE0EA224F4EDF00162F98 /* Sources */,
				3F9DE0EB224F4EDF00162F98 /* Frameworks */,
				3F9DE0EC224F4EDF00162F98 /* Resources */,
			);
			buildRules = (
			);
			dependencies = (
				3F9DE0F0224F4EDF00162F98 /* PBXTargetDependency */,
			);
			name = RuntimeDemoTests;
			productName = RuntimeDemoTests;
			productReference = 3F9DE0EE224F4EDF00162F98 /* RuntimeDemoTests.xctest */;
			productType = "com.apple.product-type.bundle.unit-test";
		};
		3F9DE0F8224F4EDF00162F98 /* RuntimeDemoUITests */ = {
			isa = PBXNativeTarget;
			buildConfigurationList = 3F9DE108224F4EDF00162F98 /* Build configuration list for PBXNativeTarget "RuntimeDemoUITests" */;
			buildPhases = (
				3F9DE0F5224F4EDF00162F98 /* Sources */,
				3F9DE0F6224F4EDF00162F98 /* Frameworks */,
				3F9DE0F7224F4EDF00162F98 /* Resources */,
			);
			buildRules = (
			);
			dependencies = (
				3F9DE0FB224F4EDF00162F98 /* PBXTargetDependency */,
			);
			name = RuntimeDemoUITests;
			productName = RuntimeDemoUITests;
			productReference = 3F9DE0F9224F4EDF00162F98 /* RuntimeDemoUITests.xctest */;
			productType = "com.apple.product-type.bundle.ui-testing";
		};
/* End PBXNativeTarget section */

/* Begin PBXProject section */
		3F9DE0CE224F4EDD00162F98 /* Project object */ = {
			isa = PBXProject;
			attributes = {
				LastUpgradeCheck = 1020;
				ORGANIZATIONNAME = "xiaohui mu";
				TargetAttributes = {
					3F9DE0D5224F4EDD00162F98 = {
						CreatedOnToolsVersion = 10.2;
					};
					3F9DE0ED224F4EDF00162F98 = {
						CreatedOnToolsVersion = 10.2;
						TestTargetID = 3F9DE0D5224F4EDD00162F98;
					};
					3F9DE0F8224F4EDF00162F98 = {
						CreatedOnToolsVersion = 10.2;
						TestTargetID = 3F9DE0D5224F4EDD00162F98;
					};
				};
			};
			buildConfigurationList = 3F9DE0D1224F4EDD00162F98 /* Build configuration list for PBXProject "RuntimeDemo" */;
			compatibilityVersion = "Xcode 9.3";
			developmentRegion = en;
			hasScannedForEncodings = 0;
			knownRegions = (
				en,
				Base,
			);
			mainGroup = 3F9DE0CD224F4EDD00162F98;
			productRefGroup = 3F9DE0D7224F4EDD00162F98 /* Products */;
			projectDirPath = "";
			projectRoot = "";
			targets = (
				3F9DE0D5224F4EDD00162F98 /* RuntimeDemo */,
				3F9DE0ED224F4EDF00162F98 /* RuntimeDemoTests */,
				3F9DE0F8224F4EDF00162F98 /* RuntimeDemoUITests */,
			);
		};
/* End PBXProject section */

/* Begin PBXResourcesBuildPhase section */
		3F9DE0D4224F4EDD00162F98 /* Resources */ = {
			isa = PBXResourcesBuildPhase;
			buildActionMask = 2147483647;
			files = (
				3F9DE0E6224F4EDF00162F98 /* LaunchScreen.storyboard in Resources */,
				3F9DE0E3224F4EDF00162F98 /* Assets.xcassets in Resources */,
			);
			runOnlyForDeploymentPostprocessing = 0;
		};
		3F9DE0EC224F4EDF00162F98 /* Resources */ = {
			isa = PBXResourcesBuildPhase;
			buildActionMask = 2147483647;
			files = (
			);
			runOnlyForDeploymentPostprocessing = 0;
		};
		3F9DE0F7224F4EDF00162F98 /* Resources */ = {
			isa = PBXResourcesBuildPhase;
			buildActionMask = 2147483647;
			files = (
			);
			runOnlyForDeploymentPostprocessing = 0;
		};
/* End PBXResourcesBuildPhase section */

/* Begin PBXSourcesBuildPhase section */
		3F9DE0D2224F4EDD00162F98 /* Sources */ = {
			isa = PBXSourcesBuildPhase;
			buildActionMask = 2147483647;
			files = (
				3F9DE0DE224F4EDD00162F98 /* RootViewController.m in Sources */,
				3F9DE0E9224F4EDF00162F98 /* main.m in Sources */,
				3FF927C82254624C009D8C60 /* KVOViewController.m in Sources */,
				3FF927D62254A0D9009D8C60 /* NSObject+NSCoding.m in Sources */,
				3FF927C522544DBA009D8C60 /* UITableView+MUDefaultDisplay.m in Sources */,
				3FF927CB225462B9009D8C60 /* DicToModelViewController.m in Sources */,
				3FF927CE225462DA009D8C60 /* DicToModelUserInfo.m in Sources */,
				3FF92787225227B8009D8C60 /* MessageForwardViewController.m in Sources */,
				3FF927A022522FB7009D8C60 /* SpareWheel.m in Sources */,
				3FF9279D22522FA0009D8C60 /* UserInfo.m in Sources */,
				3F9DE0DB224F4EDD00162F98 /* AppDelegate.m in Sources */,
				3FF927D92254BC02009D8C60 /* KVOUserInfo.m in Sources */,
				3FF927A32252479F009D8C60 /* MethodSwizzlingViewController.m in Sources */,
			);
			runOnlyForDeploymentPostprocessing = 0;
		};
		3F9DE0EA224F4EDF00162F98 /* Sources */ = {
			isa = PBXSourcesBuildPhase;
			buildActionMask = 2147483647;
			files = (
				3F9DE0F3224F4EDF00162F98 /* RuntimeDemoTests.m in Sources */,
			);
			runOnlyForDeploymentPostprocessing = 0;
		};
		3F9DE0F5224F4EDF00162F98 /* Sources */ = {
			isa = PBXSourcesBuildPhase;
			buildActionMask = 2147483647;
			files = (
				3F9DE0FE224F4EDF00162F98 /* RuntimeDemoUITests.m in Sources */,
			);
			runOnlyForDeploymentPostprocessing = 0;
		};
/* End PBXSourcesBuildPhase section */

/* Begin PBXTargetDependency section */
		3F9DE0F0224F4EDF00162F98 /* PBXTargetDependency */ = {
			isa = PBXTargetDependency;
			target = 3F9DE0D5224F4EDD00162F98 /* RuntimeDemo */;
			targetProxy = 3F9DE0EF224F4EDF00162F98 /* PBXContainerItemProxy */;
		};
		3F9DE0FB224F4EDF00162F98 /* PBXTargetDependency */ = {
			isa = PBXTargetDependency;
			target = 3F9DE0D5224F4EDD00162F98 /* RuntimeDemo */;
			targetProxy = 3F9DE0FA224F4EDF00162F98 /* PBXContainerItemProxy */;
		};
/* End PBXTargetDependency section */

/* Begin PBXVariantGroup section */
		3F9DE0E4224F4EDF00162F98 /* LaunchScreen.storyboard */ = {
			isa = PBXVariantGroup;
			children = (
				3F9DE0E5224F4EDF00162F98 /* Base */,
			);
			name = LaunchScreen.storyboard;
			sourceTree = "<group>";
		};
/* End PBXVariantGroup section */

/* Begin XCBuildConfiguration section */
		3F9DE100224F4EDF00162F98 /* Debug */ = {
			isa = XCBuildConfiguration;
			buildSettings = {
				ALWAYS_SEARCH_USER_PATHS = NO;
				CLANG_ANALYZER_NONNULL = YES;
				CLANG_ANALYZER_NUMBER_OBJECT_CONVERSION = YES_AGGRESSIVE;
				CLANG_CXX_LANGUAGE_STANDARD = "gnu++14";
				CLANG_CXX_LIBRARY = "libc++";
				CLANG_ENABLE_MODULES = YES;
				CLANG_ENABLE_OBJC_ARC = YES;
				CLANG_ENABLE_OBJC_WEAK = YES;
				CLANG_WARN_BLOCK_CAPTURE_AUTORELEASING = YES;
				CLANG_WARN_BOOL_CONVERSION = YES;
				CLANG_WARN_COMMA = YES;
				CLANG_WARN_CONSTANT_CONVERSION = YES;
				CLANG_WARN_DEPRECATED_OBJC_IMPLEMENTATIONS = YES;
				CLANG_WARN_DIRECT_OBJC_ISA_USAGE = YES_ERROR;
				CLANG_WARN_DOCUMENTATION_COMMENTS = YES;
				CLANG_WARN_EMPTY_BODY = YES;
				CLANG_WARN_ENUM_CONVERSION = YES;
				CLANG_WARN_INFINITE_RECURSION = YES;
				CLANG_WARN_INT_CONVERSION = YES;
				CLANG_WARN_NON_LITERAL_NULL_CONVERSION = YES;
				CLANG_WARN_OBJC_IMPLICIT_RETAIN_SELF = YES;
				CLANG_WARN_OBJC_LITERAL_CONVERSION = YES;
				CLANG_WARN_OBJC_ROOT_CLASS = YES_ERROR;
				CLANG_WARN_RANGE_LOOP_ANALYSIS = YES;
				CLANG_WARN_STRICT_PROTOTYPES = YES;
				CLANG_WARN_SUSPICIOUS_MOVE = YES;
				CLANG_WARN_UNGUARDED_AVAILABILITY = YES_AGGRESSIVE;
				CLANG_WARN_UNREACHABLE_CODE = YES;
				CLANG_WARN__DUPLICATE_METHOD_MATCH = YES;
				CODE_SIGN_IDENTITY = "iPhone Developer";
				COPY_PHASE_STRIP = NO;
				DEBUG_INFORMATION_FORMAT = dwarf;
				ENABLE_STRICT_OBJC_MSGSEND = YES;
				ENABLE_TESTABILITY = YES;
				GCC_C_LANGUAGE_STANDARD = gnu11;
				GCC_DYNAMIC_NO_PIC = NO;
				GCC_NO_COMMON_BLOCKS = YES;
				GCC_OPTIMIZATION_LEVEL = 0;
				GCC_PREPROCESSOR_DEFINITIONS = (
					"DEBUG=1",
					"$(inherited)",
				);
				GCC_WARN_64_TO_32_BIT_CONVERSION = YES;
				GCC_WARN_ABOUT_RETURN_TYPE = YES_ERROR;
				GCC_WARN_UNDECLARED_SELECTOR = YES;
				GCC_WARN_UNINITIALIZED_AUTOS = YES_AGGRESSIVE;
				GCC_WARN_UNUSED_FUNCTION = YES;
				GCC_WARN_UNUSED_VARIABLE = YES;
				IPHONEOS_DEPLOYMENT_TARGET = 12.2;
				MTL_ENABLE_DEBUG_INFO = INCLUDE_SOURCE;
				MTL_FAST_MATH = YES;
				ONLY_ACTIVE_ARCH = YES;
				SDKROOT = iphoneos;
			};
			name = Debug;
		};
		3F9DE101224F4EDF00162F98 /* Release */ = {
			isa = XCBuildConfiguration;
			buildSettings = {
				ALWAYS_SEARCH_USER_PATHS = NO;
				CLANG_ANALYZER_NONNULL = YES;
				CLANG_ANALYZER_NUMBER_OBJECT_CONVERSION = YES_AGGRESSIVE;
				CLANG_CXX_LANGUAGE_STANDARD = "gnu++14";
				CLANG_CXX_LIBRARY = "libc++";
				CLANG_ENABLE_MODULES = YES;
				CLANG_ENABLE_OBJC_ARC = YES;
				CLANG_ENABLE_OBJC_WEAK = YES;
				CLANG_WARN_BLOCK_CAPTURE_AUTORELEASING = YES;
				CLANG_WARN_BOOL_CONVERSION = YES;
				CLANG_WARN_COMMA = YES;
				CLANG_WARN_CONSTANT_CONVERSION = YES;
				CLANG_WARN_DEPRECATED_OBJC_IMPLEMENTATIONS = YES;
				CLANG_WARN_DIRECT_OBJC_ISA_USAGE = YES_ERROR;
				CLANG_WARN_DOCUMENTATION_COMMENTS = YES;
				CLANG_WARN_EMPTY_BODY = YES;
				CLANG_WARN_ENUM_CONVERSION = YES;
				CLANG_WARN_INFINITE_RECURSION = YES;
				CLANG_WARN_INT_CONVERSION = YES;
				CLANG_WARN_NON_LITERAL_NULL_CONVERSION = YES;
				CLANG_WARN_OBJC_IMPLICIT_RETAIN_SELF = YES;
				CLANG_WARN_OBJC_LITERAL_CONVERSION = YES;
				CLANG_WARN_OBJC_ROOT_CLASS = YES_ERROR;
				CLANG_WARN_RANGE_LOOP_ANALYSIS = YES;
				CLANG_WARN_STRICT_PROTOTYPES = YES;
				CLANG_WARN_SUSPICIOUS_MOVE = YES;
				CLANG_WARN_UNGUARDED_AVAILABILITY = YES_AGGRESSIVE;
				CLANG_WARN_UNREACHABLE_CODE = YES;
				CLANG_WARN__DUPLICATE_METHOD_MATCH = YES;
				CODE_SIGN_IDENTITY = "iPhone Developer";
				COPY_PHASE_STRIP = NO;
				DEBUG_INFORMATION_FORMAT = "dwarf-with-dsym";
				ENABLE_NS_ASSERTIONS = NO;
				ENABLE_STRICT_OBJC_MSGSEND = YES;
				GCC_C_LANGUAGE_STANDARD = gnu11;
				GCC_NO_COMMON_BLOCKS = YES;
				GCC_WARN_64_TO_32_BIT_CONVERSION = YES;
				GCC_WARN_ABOUT_RETURN_TYPE = YES_ERROR;
				GCC_WARN_UNDECLARED_SELECTOR = YES;
				GCC_WARN_UNINITIALIZED_AUTOS = YES_AGGRESSIVE;
				GCC_WARN_UNUSED_FUNCTION = YES;
				GCC_WARN_UNUSED_VARIABLE = YES;
				IPHONEOS_DEPLOYMENT_TARGET = 12.2;
				MTL_ENABLE_DEBUG_INFO = NO;
				MTL_FAST_MATH = YES;
				SDKROOT = iphoneos;
				VALIDATE_PRODUCT = YES;
			};
			name = Release;
		};
		3F9DE103224F4EDF00162F98 /* Debug */ = {
			isa = XCBuildConfiguration;
			buildSettings = {
				ASSETCATALOG_COMPILER_APPICON_NAME = AppIcon;
				CODE_SIGN_STYLE = Automatic;
				ENABLE_STRICT_OBJC_MSGSEND = NO;
				INFOPLIST_FILE = RuntimeDemo/Info.plist;
				LD_RUNPATH_SEARCH_PATHS = (
					"$(inherited)",
					"@executable_path/Frameworks",
				);
				PRODUCT_BUNDLE_IDENTIFIER = com.lymuxh.RuntimeDemo;
				PRODUCT_NAME = "$(TARGET_NAME)";
				TARGETED_DEVICE_FAMILY = "1,2";
			};
			name = Debug;
		};
		3F9DE104224F4EDF00162F98 /* Release */ = {
			isa = XCBuildConfiguration;
			buildSettings = {
				ASSETCATALOG_COMPILER_APPICON_NAME = AppIcon;
				CODE_SIGN_STYLE = Automatic;
				ENABLE_STRICT_OBJC_MSGSEND = NO;
				INFOPLIST_FILE = RuntimeDemo/Info.plist;
				LD_RUNPATH_SEARCH_PATHS = (
					"$(inherited)",
					"@executable_path/Frameworks",
				);
				PRODUCT_BUNDLE_IDENTIFIER = com.lymuxh.RuntimeDemo;
				PRODUCT_NAME = "$(TARGET_NAME)";
				TARGETED_DEVICE_FAMILY = "1,2";
			};
			name = Release;
		};
		3F9DE106224F4EDF00162F98 /* Debug */ = {
			isa = XCBuildConfiguration;
			buildSettings = {
				BUNDLE_LOADER = "$(TEST_HOST)";
				CODE_SIGN_STYLE = Automatic;
				INFOPLIST_FILE = RuntimeDemoTests/Info.plist;
				LD_RUNPATH_SEARCH_PATHS = (
					"$(inherited)",
					"@executable_path/Frameworks",
					"@loader_path/Frameworks",
				);
				PRODUCT_BUNDLE_IDENTIFIER = com.lymuxh.RuntimeDemoTests;
				PRODUCT_NAME = "$(TARGET_NAME)";
				TARGETED_DEVICE_FAMILY = "1,2";
				TEST_HOST = "$(BUILT_PRODUCTS_DIR)/RuntimeDemo.app/RuntimeDemo";
			};
			name = Debug;
		};
		3F9DE107224F4EDF00162F98 /* Release */ = {
			isa = XCBuildConfiguration;
			buildSettings = {
				BUNDLE_LOADER = "$(TEST_HOST)";
				CODE_SIGN_STYLE = Automatic;
				INFOPLIST_FILE = RuntimeDemoTests/Info.plist;
				LD_RUNPATH_SEARCH_PATHS = (
					"$(inherited)",
					"@executable_path/Frameworks",
					"@loader_path/Frameworks",
				);
				PRODUCT_BUNDLE_IDENTIFIER = com.lymuxh.RuntimeDemoTests;
				PRODUCT_NAME = "$(TARGET_NAME)";
				TARGETED_DEVICE_FAMILY = "1,2";
				TEST_HOST = "$(BUILT_PRODUCTS_DIR)/RuntimeDemo.app/RuntimeDemo";
			};
			name = Release;
		};
		3F9DE109224F4EDF00162F98 /* Debug */ = {
			isa = XCBuildConfiguration;
			buildSettings = {
				CODE_SIGN_STYLE = Automatic;
				INFOPLIST_FILE = RuntimeDemoUITests/Info.plist;
				LD_RUNPATH_SEARCH_PATHS = (
					"$(inherited)",
					"@executable_path/Frameworks",
					"@loader_path/Frameworks",
				);
				PRODUCT_BUNDLE_IDENTIFIER = com.lymuxh.RuntimeDemoUITests;
				PRODUCT_NAME = "$(TARGET_NAME)";
				TARGETED_DEVICE_FAMILY = "1,2";
				TEST_TARGET_NAME = RuntimeDemo;
			};
			name = Debug;
		};
		3F9DE10A224F4EDF00162F98 /* Release */ = {
			isa = XCBuildConfiguration;
			buildSettings = {
				CODE_SIGN_STYLE = Automatic;
				INFOPLIST_FILE = RuntimeDemoUITests/Info.plist;
				LD_RUNPATH_SEARCH_PATHS = (
					"$(inherited)",
					"@executable_path/Frameworks",
					"@loader_path/Frameworks",
				);
				PRODUCT_BUNDLE_IDENTIFIER = com.lymuxh.RuntimeDemoUITests;
				PRODUCT_NAME = "$(TARGET_NAME)";
				TARGETED_DEVICE_FAMILY = "1,2";
				TEST_TARGET_NAME = RuntimeDemo;
			};
			name = Release;
		};
/* End XCBuildConfiguration section */

/* Begin XCConfigurationList section */
		3F9DE0D1224F4EDD00162F98 /* Build configuration list for PBXProject "RuntimeDemo" */ = {
			isa = XCConfigurationList;
			buildConfigurations = (
				3F9DE100224F4EDF00162F98 /* Debug */,
				3F9DE101224F4EDF00162F98 /* Release */,
			);
			defaultConfigurationIsVisible = 0;
			defaultConfigurationName = Release;
		};
		3F9DE102224F4EDF00162F98 /* Build configuration list for PBXNativeTarget "RuntimeDemo" */ = {
			isa = XCConfigurationList;
			buildConfigurations = (
				3F9DE103224F4EDF00162F98 /* Debug */,
				3F9DE104224F4EDF00162F98 /* Release */,
			);
			defaultConfigurationIsVisible = 0;
			defaultConfigurationName = Release;
		};
		3F9DE105224F4EDF00162F98 /* Build configuration list for PBXNativeTarget "RuntimeDemoTests" */ = {
			isa = XCConfigurationList;
			buildConfigurations = (
				3F9DE106224F4EDF00162F98 /* Debug */,
				3F9DE107224F4EDF00162F98 /* Release */,
			);
			defaultConfigurationIsVisible = 0;
			defaultConfigurationName = Release;
		};
		3F9DE108224F4EDF00162F98 /* Build configuration list for PBXNativeTarget "RuntimeDemoUITests" */ = {
			isa = XCConfigurationList;
			buildConfigurations = (
				3F9DE109224F4EDF00162F98 /* Debug */,
				3F9DE10A224F4EDF00162F98 /* Release */,
			);
			defaultConfigurationIsVisible = 0;
			defaultConfigurationName = Release;
		};
/* End XCConfigurationList section */
	};
	rootObject = 3F9DE0CE224F4EDD00162F98 /* Project object */;
}
